
Microsoft Visual Studio Solution File, Format Version 12.00
# Visual Studio Version 17
VisualStudioVersion = 17.13.35931.197 d17.13
MinimumVisualStudioVersion = 10.0.40219.1
Project("{FAE04EC0-301F-11D3-BF4B-00C04F79EFBC}") = "TalkingTails.API", "TalkingTails.API\TalkingTails.API.csproj", "{2DB4C2BC-5BC4-4C10-BAB6-7069CA2CEA2F}"
EndProject
Project("{FAE04EC0-301F-11D3-BF4B-00C04F79EFBC}") = "TalkingTails.Business", "TalkingTails.Business\TalkingTails.Business.csproj", "{F3CA4A7A-F192-4D71-8955-ABF3A1D13FB2}"
EndProject
Project("{FAE04EC0-301F-11D3-BF4B-00C04F79EFBC}") = "TalkingTails.Repository", "TalkingTails.Repository\TalkingTails.Repository.csproj", "{00B5AD79-4550-4A44-8E40-B7EB09A521EA}"
EndProject
Global
	GlobalSection(SolutionConfigurationPlatforms) = preSolution
		Debug|Any CPU = Debug|Any CPU
		Release|Any CPU = Release|Any CPU
	EndGlobalSection
	GlobalSection(ProjectConfigurationPlatforms) = postSolution
		{2DB4C2BC-5BC4-4C10-BAB6-7069CA2CEA2F}.Debug|Any CPU.ActiveCfg = Debug|Any CPU
		{2DB4C2BC-5BC4-4C10-BAB6-7069CA2CEA2F}.Debug|Any CPU.Build.0 = Debug|Any CPU
		{2DB4C2BC-5BC4-4C10-BAB6-7069CA2CEA2F}.Release|Any CPU.ActiveCfg = Release|Any CPU
		{2DB4C2BC-5BC4-4C10-BAB6-7069CA2CEA2F}.Release|Any CPU.Build.0 = Release|Any CPU
		{F3CA4A7A-F192-4D71-8955-ABF3A1D13FB2}.Debug|Any CPU.ActiveCfg = Debug|Any CPU
		{F3CA4A7A-F192-4D71-8955-ABF3A1D13FB2}.Debug|Any CPU.Build.0 = Debug|Any CPU
		{F3CA4A7A-F192-4D71-8955-ABF3A1D13FB2}.Release|Any CPU.ActiveCfg = Release|Any CPU
		{F3CA4A7A-F192-4D71-8955-ABF3A1D13FB2}.Release|Any CPU.Build.0 = Release|Any CPU
		{00B5AD79-4550-4A44-8E40-B7EB09A521EA}.Debug|Any CPU.ActiveCfg = Debug|Any CPU
		{00B5AD79-4550-4A44-8E40-B7EB09A521EA}.Debug|Any CPU.Build.0 = Debug|Any CPU
		{00B5AD79-4550-4A44-8E40-B7EB09A521EA}.Release|Any CPU.ActiveCfg = Release|Any CPU
		{00B5AD79-4550-4A44-8E40-B7EB09A521EA}.Release|Any CPU.Build.0 = Release|Any CPU
	EndGlobalSection
	GlobalSection(SolutionProperties) = preSolution
		HideSolutionNode = FALSE
	EndGlobalSection
	GlobalSection(ExtensibilityGlobals) = postSolution
		SolutionGuid = {F3B87760-9F3F-4A2E-8FA2-244952AAC887}
	EndGlobalSection
EndGlobal
